{
    "_meta": {
        "hash": {
            "sha256": "ee3ab902e70811d4e443cc632ed40b7d2f00d9c45f0771c58eb8bba7cfd917dd"
        },
        "pipfile-spec": 6,
        "requires": {},
        "sources": [
            {
                "name": "pypi",
                "url": "https://pypi.python.org/simple",
                "verify_ssl": true
            }
        ]
    },
    "default": {
        "cachetools": {
            "hashes": [
                "sha256:1d057645db16ca7fe1f3bd953558897603d6f0b9c51ed9d11eb4d071ec4e2aab",
                "sha256:de5d88f87781602201cde465d3afe837546663b168e8b39df67411b0bf10cefc"
            ],
            "version": "==4.1.0"
        },
        "certifi": {
            "hashes": [
                "sha256:1d987a998c75633c40847cc966fcf5904906c920a7f17ef374f5aa4282abd304",
                "sha256:51fcb31174be6e6664c5f69e3e1691a2d72a1a12e90f872cbdb1567eb47b6519"
            ],
            "version": "==2020.4.5.1"
        },
        "chardet": {
            "hashes": [
                "sha256:84ab92ed1c4d4f16916e05906b6b75a6c0fb5db821cc65e70cbd64a3e2a5eaae",
                "sha256:fc323ffcaeaed0e0a02bf4d117757b98aed530d9ed4531e3e15460124c106691"
            ],
            "version": "==3.0.4"
        },
        "docutils": {
            "hashes": [
                "sha256:0c5b78adfbf7762415433f5515cd5c9e762339e23369dbe8000d84a4bf4ab3af",
                "sha256:c2de3a60e9e7d07be26b7f2b00ca0309c207e06c100f9cc2a94931fc75a478fc"
            ],
            "version": "==0.16"
        },
        "fastavro": {
            "hashes": [
                "sha256:8fbf6f6dfcef23a9b1655dfa59b930691382db6ee42099291641f7d8b34c605a"
            ],
            "index": "pypi",
            "version": "==0.14.10"
        },
        "google-api-python-client": {
            "hashes": [
                "sha256:441d638e5fff7d9f97587aa99387efd0ee13f577c9d4d50820dfda4bb80d0e64",
                "sha256:bb1f27740f6596f8272a2e1033d93d68e27e8ed5d22d6ab957e3f1d3f8ce05f6"
            ],
            "index": "pypi",
            "version": "==1.6.4"
        },
        "google-auth": {
            "hashes": [
                "sha256:73b141d122942afe12e8bfdcb6900d5df35c27d39700f078363ba0b1298ad33b",
                "sha256:fbf25fee328c0828ef293459d9c649ef84ee44c0b932bb999d19df0ead1b40cf"
            ],
            "version": "==1.15.0"
        },
        "google-auth-httplib2": {
            "hashes": [
                "sha256:312464fb81d2a941aa6541410ef61de9fa788753414ee5f2f1d74153d9c1540d",
                "sha256:faacd855092a4c792e8cf3d3b4ed939518c495373a9f9cd31985c3166558452b"
            ],
            "index": "pypi",
            "version": "==0.0.2"
        },
        "google-cloud-bigquery": {
            "hashes": [
                "sha256:ad86defd25dcb704200e50b3950ade85f4e7fba6d8c209c12f5cd1d46ddffa9b",
                "sha256:d12550f7bd54cb89ed026f0fd8ac3bc9b6cab9e3ff67f7310b149cca8e4ba5ad"
            ],
            "index": "pypi",
            "version": "==0.27.0"
        },
        "google-cloud-core": {
            "hashes": [
                "sha256:05486972ceae281c1005918655313ad21a880bee6bdf74b8703c09afdab9a1f9",
                "sha256:1e52449feb72160a726798a085d7b0cf1d7b88d4b4af00f04d9ca9d6eb47847b"
            ],
            "version": "==0.27.1"
        },
        "google-resumable-media": {
            "hashes": [
                "sha256:2a8fd188afe1cbfd5998bf20602f76b0336aa892de88fe842a806b9a3ed78d2a",
                "sha256:b86140d5a0b6d290084b11bde90ee9aecad357ba0e0d67388d016b8340320927"
            ],
            "version": "==0.5.0"
        },
        "googleapis-common-protos": {
            "hashes": [
                "sha256:013c91704279119150e44ef770086fdbba158c1f978a6402167d47d5409e226e"
            ],
            "version": "==1.51.0"
        },
        "httplib2": {
            "hashes": [
                "sha256:4f6988e6399a2546b525a037d56da34aed4d149bbdc0e78523018d5606c26e74",
                "sha256:b0e1f3ed76c97380fe2485bc47f25235453b40ef33ca5921bb2897e257a49c4c"
            ],
            "index": "pypi",
            "version": "==0.18.0"
        },
        "idna": {
            "hashes": [
                "sha256:7588d1c14ae4c77d74036e8c22ff447b26d0fde8f007354fd48a7814db15b7cb",
                "sha256:a068a21ceac8a4d63dbfd964670474107f541babbd2250d61922f029858365fa"
            ],
            "version": "==2.9"
        },
        "lockfile": {
            "hashes": [
                "sha256:6aed02de03cba24efabcd600b30540140634fc06cfa603822d508d5361e9f799",
                "sha256:6c3cb24f344923d30b2785d5ad75182c8ea7ac1b6171b08657258ec7429d50fa"
            ],
            "version": "==0.12.2"
        },
        "luigi": {
            "hashes": [
                "sha256:3c9f3127671324c22db10516dc2a873ca458dfe0c0fb2e295f875e0b343c028a"
            ],
            "index": "pypi",
            "version": "==2.7.0"
        },
        "numpy": {
            "hashes": [
                "sha256:00d7b54c025601e28f468953d065b9b121ddca7fff30bed7be082d3656dd798d",
                "sha256:02ec9582808c4e48be4e93cd629c855e644882faf704bc2bd6bbf58c08a2a897",
                "sha256:0e6f72f7bb08f2f350ed4408bb7acdc0daba637e73bce9f5ea2b207039f3af88",
                "sha256:1be2e96314a66f5f1ce7764274327fd4fb9da58584eaff00b5a5221edefee7d6",
                "sha256:2466fbcf23711ebc5daa61d28ced319a6159b260a18839993d871096d66b93f7",
                "sha256:2b573fcf6f9863ce746e4ad00ac18a948978bb3781cffa4305134d31801f3e26",
                "sha256:3f0dae97e1126f529ebb66f3c63514a0f72a177b90d56e4bce8a0b5def34627a",
                "sha256:50fb72bcbc2cf11e066579cb53c4ca8ac0227abb512b6cbc1faa02d1595a2a5d",
                "sha256:57aea170fb23b1fd54fa537359d90d383d9bf5937ee54ae8045a723caa5e0961",
                "sha256:709c2999b6bd36cdaf85cf888d8512da7433529f14a3689d6e37ab5242e7add5",
                "sha256:7d59f21e43bbfd9a10953a7e26b35b6849d888fc5a331fa84a2d9c37bd9fe2a2",
                "sha256:904b513ab8fbcbdb062bed1ce2f794ab20208a1b01ce9bd90776c6c7e7257032",
                "sha256:96dd36f5cdde152fd6977d1bbc0f0561bccffecfde63cd397c8e6033eb66baba",
                "sha256:9933b81fecbe935e6a7dc89cbd2b99fea1bf362f2790daf9422a7bb1dc3c3085",
                "sha256:bbcc85aaf4cd84ba057decaead058f43191cc0e30d6bc5d44fe336dc3d3f4509",
                "sha256:dccd380d8e025c867ddcb2f84b439722cf1f23f3a319381eac45fd077dee7170",
                "sha256:e22cd0f72fc931d6abc69dc7764484ee20c6a60b0d0fee9ce0426029b1c1bdae",
                "sha256:ed722aefb0ebffd10b32e67f48e8ac4c5c4cf5d3a785024fdf0e9eb17529cd9d",
                "sha256:efb7ac5572c9a57159cf92c508aad9f856f1cb8e8302d7fdb99061dbe52d712c",
                "sha256:efdba339fffb0e80fcc19524e4fdbda2e2b5772ea46720c44eaac28096d60720",
                "sha256:f22273dd6a403ed870207b853a856ff6327d5cbce7a835dfa0645b3fc00273ec"
            ],
            "version": "==1.18.4"
        },
        "oauth2client": {
            "hashes": [
                "sha256:b8a81cc5d60e2d364f0b1b98f958dbd472887acaf1a5b05e21c28c31a2d6d3ac",
                "sha256:d486741e451287f69568a4d26d70d9acd73a2bbfa275746c535b4209891cccc6"
            ],
            "version": "==4.1.3"
        },
        "pandas": {
            "hashes": [
                "sha256:0811ede1b9b338169803e04e665f8127283995223d296a2e61eca99d14f0a9a7",
                "sha256:09ab1d66f6db0e6bb74c15813fcfbd6f0f2a7a78c8824d56e285360833cd225c",
                "sha256:19eff29057c05e498e66b6c373860db0520adf2601647c7147022861a5be7dac",
                "sha256:25219ad2b5a203bfd6f84ab179594536eb00ef91b0c6615715450788f2306c80",
                "sha256:2595f720809a494c36e42d778bcb4bcc5aca4afd6a2dc783b927b73e1f7351ed",
                "sha256:26e9a0f4299f39816b469c83b2f3a04dcaa2727bde93469959ba63574f16e15a",
                "sha256:353608eeeac4d6666390998dd37689ba26920ec08c007fbe46fef98a4be5224b",
                "sha256:39732ac0ca2963eb78da570c16fb9dbf5c7f84409974ca15f32876091cb533a2",
                "sha256:39fda572ec544836bdc913b36f6efdbd453116c6fea8df24764cf10d86ba0ad6",
                "sha256:58b56065ac2298cdc6d12c69a34dc0d2315bb3827ca014a227b7412c5ee4204f",
                "sha256:6ea455587b3b2a73288f00476a5b20862052d69d287cda7aadff570a48972cbf",
                "sha256:70463d4e04a39fb530461a1e50c6068b14b668ccf756f5111599198e3db47cb8",
                "sha256:908e09bf7951162aa639a8414d511e2b7774922c6e14fb8af2ed67e5767b867b",
                "sha256:9677e26f40050c2262391df02674ae277d1cf137986b6611de4b4c86ddc62c08",
                "sha256:a53ab088ab3848a4140476e438e4ba41054f802ef432a188c5d849e41c7b2a9c",
                "sha256:a777e07633d83d546c55706420179551c8e01075b53c497dcf8ae4036766bc66",
                "sha256:aebedc41d9ffd5da31b28aa6d32c70a904432d0259eee4ff0da494395d7e4ed6",
                "sha256:bac73f33a578ee40cc96b7512bf8596cdc534892336e0cf4f8dde80eed7c916d",
                "sha256:cbaa99186712e697cb4775c625e7924cf17200a01bad441e6135c3a932f51d11",
                "sha256:d0e85e1d8c46758ab6a07467438b6a625e60532c5aab46b6bc570a3b8243c697",
                "sha256:d8635f161aadd23262ab94e0c2962dd6c727505a3c7e987e33f0172ab40a2f3a",
                "sha256:d8b636ee0a992551b5bfe5bb8518db3e56301ce21394993668c72fe2f23efaf0",
                "sha256:eea812e11da3f53fce9f8474a3ab42124e0ae4a359d9d1677d676cb3dfacb217",
                "sha256:fcc312dd529c91e0fdc074cb466367e856ee337f727aa739a77df49f647c8011"
            ],
            "index": "pypi",
            "version": "==0.20.3"
        },
        "protobuf": {
            "hashes": [
                "sha256:00c2c276aca3af220d422e6a8625b1f5399c821c9b6f1c83e8a535aa8f48cc6c",
                "sha256:0d69d76b00d0eb5124cb33a34a793383a5bbbf9ac3e633207c09988717c5da85",
                "sha256:1c55277377dd35e508e9d86c67a545f6d8d242d792af487678eeb75c07974ee2",
                "sha256:35bc1b96241b8ea66dbf386547ef2e042d73dcc0bf4b63566e3ef68722bb24d1",
                "sha256:47a541ac44f2dcc8d49b615bcf3ed7ba4f33af9791118cecc3d17815fab652d9",
                "sha256:61364bcd2d85277ab6155bb7c5267e6a64786a919f1a991e29eb536aa5330a3d",
                "sha256:7aaa820d629f8a196763dd5ba21fd272fa038f775a845a52e21fa67862abcd35",
                "sha256:9593a6cdfc491f2caf62adb1c03170e9e8748d0a69faa2b3970e39a92fbd05a2",
                "sha256:95f035bbafec7dbaa0f1c72eda8108b763c1671fcb6e577e93da2d52eb47fbcf",
                "sha256:9d6a517ce33cbdc64b52a17c56ce17b0b20679c945ed7420e7c6bc6686ff0494",
                "sha256:a7532d971e4ab2019a9f6aa224b209756b6b9e702940ca85a4b1ed1d03f45396",
                "sha256:b4e8ecb1eb3d011f0ccc13f8bb0a2d481aa05b733e6e22e9d46a3f61dbbef0de",
                "sha256:bb1aced9dcebc46f0b320f24222cc8ffdfd2e47d2bafd4d2e5913cc6f7e3fc98",
                "sha256:ccce142ebcfbc35643a5012cf398497eb18e8d021333cced4d5401f034a8cef5",
                "sha256:d538eecc0b80accfb73c8167f39aaa167a5a50f31b1295244578c8eff8e9d602",
                "sha256:eab18765eb5c7bad1b2de7ae3774192b46e1873011682e36bcd70ccf75f2748a"
            ],
            "version": "==3.12.0"
        },
        "pyasn1": {
            "hashes": [
                "sha256:39c7e2ec30515947ff4e87fb6f456dfc6e84857d34be479c9d4a4ba4bf46aa5d",
                "sha256:aef77c9fb94a3ac588e87841208bdec464471d9871bd5050a287cc9a475cd0ba"
            ],
            "version": "==0.4.8"
        },
        "pyasn1-modules": {
            "hashes": [
                "sha256:905f84c712230b2c592c19470d3ca8d552de726050d1d1716282a1f6146be65e",
                "sha256:a50b808ffeb97cb3601dd25981f6b016cbb3d31fbf57a8b8a87428e6158d0c74"
            ],
            "version": "==0.2.8"
        },
        "python-daemon": {
            "hashes": [
                "sha256:57c84f50a04d7825515e4dbf3a31c70cc44414394a71608dee6cfde469e81766",
                "sha256:a0d5dc0b435a02c7e0b401e177a7c17c3f4c7b4e22e2d06271122c8fec5f8946"
            ],
            "version": "==2.2.4"
        },
        "python-dateutil": {
            "hashes": [
                "sha256:73ebfe9dbf22e832286dafa60473e4cd239f8592f699aa5adaf10050e6e1823c",
                "sha256:75bb3f31ea686f1197762692a9ee6a7550b59fc6ca3a1f4b5d7e32fb98e2da2a"
            ],
            "version": "==2.8.1"
        },
        "pytz": {
            "hashes": [
                "sha256:a494d53b6d39c3c6e44c3bec237336e14305e4f29bbf800b599253057fbb79ed",
                "sha256:c35965d010ce31b23eeb663ed3cc8c906275d6be1a34393a1d73a41febf4a048"
            ],
            "version": "==2020.1"
        },
        "requests": {
            "hashes": [
                "sha256:43999036bfa82904b6af1d99e4882b560e5e2c68e5c4b0aa03b655f3d7d73fee",
                "sha256:b3f43d496c6daba4493e7c431722aeb7dbc6288f52a6e04e7b6023b0247817e6"
            ],
            "version": "==2.23.0"
        },
        "rsa": {
            "hashes": [
                "sha256:14ba45700ff1ec9eeb206a2ce76b32814958a98e372006c8fb76ba820211be66",
                "sha256:1a836406405730121ae9823e19c6e806c62bbad73f890574fff50efa4122c487"
            ],
            "version": "==4.0"
        },
        "six": {
            "hashes": [
                "sha256:236bdbdce46e6e6a3d61a337c0f8b763ca1e8717c03b369e87a7ec7ce1319c0a",
                "sha256:8f3cd2e254d8f793e7f3d6d9df77b92252b52637291d0f0da013c76ea2724b6c"
            ],
            "version": "==1.14.0"
        },
        "tornado": {
            "hashes": [
                "sha256:5ef073ac6180038ccf99411fe05ae9aafb675952a2c8db60592d5daf8401f803",
                "sha256:6d14e47eab0e15799cf3cdcc86b0b98279da68522caace2bd7ce644287685f0a",
                "sha256:92b7ca81e18ba9ec3031a7ee73d4577ac21d41a0c9b775a9182f43301c3b5f8e",
                "sha256:ab587996fe6fb9ce65abfda440f9b61e4f9f2cf921967723540679176915e4c3",
                "sha256:b36298e9f63f18cad97378db2222c0e0ca6a55f6304e605515e05a25483ed51a"
            ],
            "version": "==4.5.3"
        },
        "uritemplate": {
            "hashes": [
                "sha256:07620c3f3f8eed1f12600845892b0e036a2420acf513c53f7de0abd911a5894f",
                "sha256:5af8ad10cec94f215e3f48112de2022e1d5a37ed427fbd88652fa908f2ab7cae"
            ],
            "version": "==3.0.1"
        },
        "urllib3": {
            "hashes": [
                "sha256:3018294ebefce6572a474f0604c2021e33b3fd8006ecd11d62107a5d2a963527",
                "sha256:88206b0eb87e6d677d424843ac5209e3fb9d0190d0ee169599165ec25e9d9115"
            ],
            "version": "==1.25.9"
        }
    },
    "develop": {}
}
